
Microsoft Visual Studio Solution File, Format Version 12.00
# Visual Studio Version 17
VisualStudioVersion = 17.14.36603.0 d17.14
MinimumVisualStudioVersion = 10.0.40219.1
Project("{FAE04EC0-301F-11D3-BF4B-00C04F79EFBC}") = "restaurant-pos-system", "restaurant-pos-system.csproj", "{12C96254-2BD4-4B7B-A3DF-C45C8CA0A9D6}"
EndProject
Global
	GlobalSection(SolutionConfigurationPlatforms) = preSolution
		Debug|Any CPU = Debug|Any CPU
		Release|Any CPU = Release|Any CPU
	EndGlobalSection
	GlobalSection(ProjectConfigurationPlatforms) = postSolution
		{12C96254-2BD4-4B7B-A3DF-C45C8CA0A9D6}.Debug|Any CPU.ActiveCfg = Debug|Any CPU
		{12C96254-2BD4-4B7B-A3DF-C45C8CA0A9D6}.Debug|Any CPU.Build.0 = Debug|Any CPU
		{12C96254-2BD4-4B7B-A3DF-C45C8CA0A9D6}.Release|Any CPU.ActiveCfg = Release|Any CPU
		{12C96254-2BD4-4B7B-A3DF-C45C8CA0A9D6}.Release|Any CPU.Build.0 = Release|Any CPU
	EndGlobalSection
	GlobalSection(SolutionProperties) = preSolution
		HideSolutionNode = FALSE
	EndGlobalSection
	GlobalSection(ExtensibilityGlobals) = postSolution
		SolutionGuid = {BB2479E7-DCA2-4C68-B225-516E9153E540}
	EndGlobalSection
EndGlobal
